
Microsoft Visual Studio Solution File, Format Version 12.00
# Visual Studio Version 17
VisualStudioVersion = 17.8.34525.116
MinimumVisualStudioVersion = 10.0.40219.1
Project("{FAE04EC0-301F-11D3-BF4B-00C04F79EFBC}") = "CSharp_Egitim1(MainSubject)", "CSharp_Egitim1(MainSubject)\CSharp_Egitim1(MainSubject).csproj", "{074216F0-F9D9-40C4-94CE-ACC9B37C06FB}"
EndProject
Project("{FAE04EC0-301F-11D3-BF4B-00C04F79EFBC}") = "CSharp_Egitm2(Variables)", "CSharp_Egitm2(Variables)\CSharp_Egitm2(Variables).csproj", "{5E42B41C-C330-453B-99A1-6A683CF20F74}"
EndProject
Project("{FAE04EC0-301F-11D3-BF4B-00C04F79EFBC}") = "09_DatabaseProject", "09_DatabaseProject\09_DatabaseProject.csproj", "{EEB9B549-3687-4C81-9F67-D51FA341CB1F}"
EndProject
Project("{FAE04EC0-301F-11D3-BF4B-00C04F79EFBC}") = "10_DatabaseCRUD", "10_DatabaseCRUD\10_DatabaseCRUD.csproj", "{8CCD8348-E7CC-4960-B02C-613BFC60D309}"
EndProject
Global
	GlobalSection(SolutionConfigurationPlatforms) = preSolution
		Debug|Any CPU = Debug|Any CPU
		Release|Any CPU = Release|Any CPU
	EndGlobalSection
	GlobalSection(ProjectConfigurationPlatforms) = postSolution
		{074216F0-F9D9-40C4-94CE-ACC9B37C06FB}.Debug|Any CPU.ActiveCfg = Debug|Any CPU
		{074216F0-F9D9-40C4-94CE-ACC9B37C06FB}.Debug|Any CPU.Build.0 = Debug|Any CPU
		{074216F0-F9D9-40C4-94CE-ACC9B37C06FB}.Release|Any CPU.ActiveCfg = Release|Any CPU
		{074216F0-F9D9-40C4-94CE-ACC9B37C06FB}.Release|Any CPU.Build.0 = Release|Any CPU
		{5E42B41C-C330-453B-99A1-6A683CF20F74}.Debug|Any CPU.ActiveCfg = Debug|Any CPU
		{5E42B41C-C330-453B-99A1-6A683CF20F74}.Debug|Any CPU.Build.0 = Debug|Any CPU
		{5E42B41C-C330-453B-99A1-6A683CF20F74}.Release|Any CPU.ActiveCfg = Release|Any CPU
		{5E42B41C-C330-453B-99A1-6A683CF20F74}.Release|Any CPU.Build.0 = Release|Any CPU
		{EEB9B549-3687-4C81-9F67-D51FA341CB1F}.Debug|Any CPU.ActiveCfg = Debug|Any CPU
		{EEB9B549-3687-4C81-9F67-D51FA341CB1F}.Debug|Any CPU.Build.0 = Debug|Any CPU
		{EEB9B549-3687-4C81-9F67-D51FA341CB1F}.Release|Any CPU.ActiveCfg = Release|Any CPU
		{EEB9B549-3687-4C81-9F67-D51FA341CB1F}.Release|Any CPU.Build.0 = Release|Any CPU
		{8CCD8348-E7CC-4960-B02C-613BFC60D309}.Debug|Any CPU.ActiveCfg = Debug|Any CPU
		{8CCD8348-E7CC-4960-B02C-613BFC60D309}.Debug|Any CPU.Build.0 = Debug|Any CPU
		{8CCD8348-E7CC-4960-B02C-613BFC60D309}.Release|Any CPU.ActiveCfg = Release|Any CPU
		{8CCD8348-E7CC-4960-B02C-613BFC60D309}.Release|Any CPU.Build.0 = Release|Any CPU
	EndGlobalSection
	GlobalSection(SolutionProperties) = preSolution
		HideSolutionNode = FALSE
	EndGlobalSection
	GlobalSection(ExtensibilityGlobals) = postSolution
		SolutionGuid = {EDE8DD73-6675-48E5-BA97-7A441E2E43FD}
	EndGlobalSection
EndGlobal
